{
    "_meta": {
        "hash": {
            "sha256": "b9977070e0b3a12ebda5e7adce261b7940581991e89c97fe64ca5cd2ef54ba1a"
        },
        "pipfile-spec": 6,
        "requires": {
            "python_version": "3.6"
        },
        "sources": [
            {
                "name": "pypi",
                "url": "https://pypi.python.org/simple",
                "verify_ssl": true
            }
        ]
    },
    "default": {
        "aioredis": {
            "hashes": [
                "sha256:9ffa0f9ea4076e5caedf55f095ea758f5137c7d1cd06cd9916081f4320fdaa4d",
                "sha256:d3adfc3295a91a97cab472751e26ff85949566a131cebb27a778e49aa0638c1a"
            ],
            "version": "==1.1.0"
        },
        "asgiref": {
            "hashes": [
                "sha256:9b05dcd41a6a89ca8c6e7f7e4089c3f3e76b5af60aebb81ae6d455ad81989c97",
                "sha256:b21dc4c43d7aba5a844f4c48b8f49d56277bc34937fd9f9cb93ec97fde7e3082"
            ],
            "version": "==2.3.2"
        },
        "async-timeout": {
            "hashes": [
                "sha256:474d4bc64cee20603e225eb1ece15e248962958b45a3648a9f5cc29e827a610c",
                "sha256:b3c0ddc416736619bd4a95ca31de8da6920c3b9a140c64dbef2b2fa7bf521287"
            ],
            "version": "==3.0.0"
        },
        "attrs": {
            "hashes": [
                "sha256:4b90b09eeeb9b88c35bc642cbac057e45a5fd85367b985bd2809c62b7b939265",
                "sha256:e0d0eb91441a3b53dab4d9b743eafc1ac44476296a2053b6ca3af0b139faf87b"
            ],
            "version": "==18.1.0"
        },
        "autobahn": {
            "hashes": [
                "sha256:162229a824e26a1c6e76387106d4bd1355849713b38741dab65e279a439b8fce",
                "sha256:163dd329c2a29f4ef82f7fe85a6f6e654a2aa6837bd83834cf537e4efa9204be"
            ],
            "version": "==18.7.1"
        },
        "automat": {
            "hashes": [
                "sha256:cbd78b83fa2d81fe2a4d23d258e1661dd7493c9a50ee2f1a5b2cac61c1793b0e",
                "sha256:fdccab66b68498af9ecfa1fa43693abe546014dd25cf28543cbe9d1334916a58"
            ],
            "version": "==0.7.0"
        },
        "certifi": {
            "hashes": [
                "sha256:13e698f54293db9f89122b0581843a782ad0934a4fe0172d2a980ba77fc61bb7",
                "sha256:9fa520c1bacfb634fa7af20a76bcbd3d5fb390481724c597da32c719a7dca4b0"
            ],
            "version": "==2018.4.16"
        },
        "channels": {
            "hashes": [
                "sha256:173441ccf2ac3a93c3b4f86135db301cbe95be58f5815c1e071f2e7154c192a2",
                "sha256:3c308108161596ddaa1b9e9f0ed9568a34ee4ebefaa33bc9cc4e941561363add"
            ],
            "index": "pypi",
            "version": "==2.1.2"
        },
        "channels-redis": {
            "hashes": [
                "sha256:5c2bde69a205efd448fe012d09d320dbdeb4a37212c0999fc250ea9730a79905",
                "sha256:997630e71b8b4d9f9bd0f6ac2562c146b7ffea0e89c8d3347c0eccc1e4f7d155"
            ],
            "index": "pypi",
            "version": "==2.2.1"
        },
        "chardet": {
            "hashes": [
                "sha256:84ab92ed1c4d4f16916e05906b6b75a6c0fb5db821cc65e70cbd64a3e2a5eaae",
                "sha256:fc323ffcaeaed0e0a02bf4d117757b98aed530d9ed4531e3e15460124c106691"
            ],
            "version": "==3.0.4"
        },
        "constantly": {
            "hashes": [
                "sha256:586372eb92059873e29eba4f9dec8381541b4d3834660707faf8ba59146dfc35",
                "sha256:dd2fa9d6b1a51a83f0d7dd76293d734046aa176e384bf6e33b7e44880eb37c5d"
            ],
            "version": "==15.1.0"
        },
        "daphne": {
            "hashes": [
                "sha256:bc49584532b2d52116f9a99af2d45d92092de93ccf2fc36a433eb7155d48b2a3",
                "sha256:da19b36605cc64d1e3a888a95ff90495dcbb75a25cfee173606a7d86112ebbca"
            ],
            "version": "==2.2.1"
        },
        "django": {
            "hashes": [
                "sha256:7f246078d5a546f63c28fc03ce71f4d7a23677ce42109219c24c9ffb28416137",
                "sha256:ea50d85709708621d956187c6b61d9f9ce155007b496dd914fdb35db8d790aec"
            ],
            "index": "pypi",
            "version": "==2.1"
        },
        "django-cors-headers": {
            "hashes": [
                "sha256:5545009c9b233ea7e70da7dbab7cb1c12afa01279895086f98ec243d7eab46fa",
                "sha256:c4c2ee97139d18541a1be7d96fe337d1694623816d83f53cb7c00da9b94acae1"
            ],
            "index": "pypi",
            "version": "==2.4.0"
        },
        "django-oauth-toolkit": {
            "hashes": [
                "sha256:ad1b76275950ebbff708222cec57bbdb879f89bac7df6b9dee0f4b9db485c264"
            ],
            "index": "pypi",
            "version": "==1.2.0"
        },
        "django-redis-cache": {
            "hashes": [
                "sha256:2b4e3510bbcaf3d331975717afd6f15a36fbaf7622504599d2727dc99f90c64d"
            ],
            "index": "pypi",
            "version": "==1.7.1"
        },
        "django-rest-framework": {
            "hashes": [
                "sha256:47a8f496fa69e3b6bd79f68dd7a1527d907d6b77f009e9db7cf9bb21cc565e4a"
            ],
            "index": "pypi",
            "version": "==0.1.0"
        },
        "djangorestframework": {
            "hashes": [
                "sha256:b6714c3e4b0f8d524f193c91ecf5f5450092c2145439ac2769711f7eba89a9d9",
                "sha256:c375e4f95a3a64fccac412e36fb42ba36881e52313ec021ef410b40f67cddca4"
            ],
            "version": "==3.8.2"
        },
        "hiredis": {
            "hashes": [
                "sha256:ca958e13128e49674aa4a96f02746f5de5973f39b57297b84d59fd44d314d5b5"
            ],
            "version": "==0.2.0"
        },
        "hyperlink": {
            "hashes": [
                "sha256:98da4218a56b448c7ec7d2655cb339af1f7d751cf541469bb4fc28c4a4245b34",
                "sha256:f01b4ff744f14bc5d0a22a6b9f1525ab7d6312cb0ff967f59414bbac52f0a306"
            ],
            "version": "==18.0.0"
        },
        "idna": {
            "hashes": [
                "sha256:156a6814fb5ac1fc6850fb002e0852d56c0c8d2531923a51032d1b70760e186e",
                "sha256:684a38a6f903c1d71d6d5fac066b58d7768af4de2b832e426ec79c30daa94a16"
            ],
            "version": "==2.7"
        },
        "incremental": {
            "hashes": [
                "sha256:717e12246dddf231a349175f48d74d93e2897244939173b01974ab6661406b9f",
                "sha256:7b751696aaf36eebfab537e458929e194460051ccad279c72b755a167eebd4b3"
            ],
            "version": "==17.5.0"
        },
        "msgpack": {
            "hashes": [
                "sha256:0b3b1773d2693c70598585a34ca2715873ba899565f0a7c9a1545baef7e7fbdc",
                "sha256:0bae5d1538c5c6a75642f75a1781f3ac2275d744a92af1a453c150da3446138b",
                "sha256:0ee8c8c85aa651be3aa0cd005b5931769eaa658c948ce79428766f1bd46ae2c3",
                "sha256:1369f9edba9500c7a6489b70fdfac773e925342f4531f1e3d4c20ac3173b1ae0",
                "sha256:22d9c929d1d539f37da3d1b0e16270fa9d46107beab8c0d4d2bddffffe895cee",
                "sha256:2ff43e3247a1e11d544017bb26f580a68306cec7a6257d8818893c1fda665f42",
                "sha256:31a98047355d34d047fcdb55b09cb19f633cf214c705a765bd745456c142130c",
                "sha256:8767eb0032732c3a0da92cbec5ac186ef89a3258c6edca09161472ca0206c45f",
                "sha256:8acc8910218555044e23826980b950e96685dc48124a290c86f6f41a296ea172",
                "sha256:ab189a6365be1860a5ecf8159c248f12d33f79ea799ae9695fa6a29896dcf1d4",
                "sha256:cfd6535feb0f1cf1c7cdb25773e965cc9f92928244a8c3ef6f8f8a8e1f7ae5c4",
                "sha256:e274cd4480d8c76ec467a85a9c6635bbf2258f0649040560382ab58cabb44bcf",
                "sha256:f86642d60dca13e93260187d56c2bef2487aa4d574a669e8ceefcf9f4c26fd00",
                "sha256:f8a57cbda46a94ed0db55b73e6ab0c15e78b4ede8690fa491a0e55128d552bb0",
                "sha256:fcea97a352416afcbccd7af9625159d80704a25c519c251c734527329bb20d0e"
            ],
            "version": "==0.5.6"
        },
        "oauthlib": {
            "hashes": [
                "sha256:ac35665a61c1685c56336bda97d5eefa246f1202618a1d6f34fccb1bdd404162",
                "sha256:d883b36b21a6ad813953803edfa563b1b579d79ca758fe950d1bc9e8b326025b"
            ],
            "version": "==2.1.0"
        },
        "psycopg2-binary": {
            "hashes": [
                "sha256:04afb59bbbd2eab3148e6816beddc74348078b8c02a1113ea7f7822f5be4afe3",
                "sha256:098b18f4d8857a8f9b206d1dc54db56c2255d5d26458917e7bcad61ebfe4338f",
                "sha256:0bf855d4a7083e20ead961fda4923887094eaeace0ab2d76eb4aa300f4bbf5bd",
                "sha256:197dda3ffd02057820be83fe4d84529ea70bf39a9a4daee1d20ffc74eb3d042e",
                "sha256:278ef63afb4b3d842b4609f2c05ffbfb76795cf6a184deeb8707cd5ed3c981a5",
                "sha256:3cbf8c4fc8f22f0817220891cf405831559f4d4c12c4f73913730a2ea6c47a47",
                "sha256:4305aed922c4d9d6163ab3a41d80b5a1cfab54917467da8168552c42cad84d32",
                "sha256:47ee296f704fb8b2a616dec691cdcfd5fa0f11943955e88faa98cbd1dc3b3e3d",
                "sha256:4a0e38cb30457e70580903367161173d4a7d1381eb2f2cfe4e69b7806623f484",
                "sha256:4d6c294c6638a71cafb82a37f182f24321f1163b08b5d5ca076e11fe838a3086",
                "sha256:4f3233c366500730f839f92833194fd8f9a5c4529c8cd8040aa162c3740de8e5",
                "sha256:5221f5a3f4ca2ddf0d58e8b8a32ca50948be9a43351fda797eb4e72d7a7aa34d",
                "sha256:5c6ca0b507540a11eaf9e77dee4f07c131c2ec80ca0cffa146671bf690bc1c02",
                "sha256:789bd89d71d704db2b3d5e67d6d518b158985d791d3b2dec5ab85457cfc9677b",
                "sha256:7b94d29239efeaa6a967f3b5971bd0518d2a24edd1511edbf4a2c8b815220d07",
                "sha256:89bc65ef3301c74cf32db25334421ea6adbe8f65601ea45dcaaf095abed910bb",
                "sha256:89d6d3a549f405c20c9ae4dc94d7ed2de2fa77427a470674490a622070732e62",
                "sha256:97521704ac7127d7d8ba22877da3c7bf4a40366587d238ec679ff38e33177498",
                "sha256:a395b62d5f44ff6f633231abe568e2203b8fabf9797cd6386aa92497df912d9a",
                "sha256:a6d32c37f714c3f34158f3fa659f3a8f2658d5f53c4297d45579b9677cc4d852",
                "sha256:a89ee5c26f72f2d0d74b991ce49e42ddeb4ac0dc2d8c06a0f2770a1ab48f4fe0",
                "sha256:b4c8b0ef3608e59317bfc501df84a61e48b5445d45f24d0391a24802de5f2d84",
                "sha256:b5fcf07140219a1f71e18486b8dc28e2e1b76a441c19374805c617aa6d9a9d55",
                "sha256:b86f527f00956ecebad6ab3bb30e3a75fedf1160a8716978dd8ce7adddedd86f",
                "sha256:be4c4aa22ba22f70de36c98b06480e2f1697972d49eb20d525f400d204a6d272",
                "sha256:c2ac7aa1a144d4e0e613ac7286dae85671e99fe7a1353954d4905629c36b811c",
                "sha256:de26ef4787b5e778e8223913a3e50368b44e7480f83c76df1f51d23bd21cea16",
                "sha256:e70ebcfc5372dc7b699c0110454fc4263967f30c55454397e5769eb72c0eb0ce",
                "sha256:eadbd32b6bc48b67b0457fccc94c86f7ccc8178ab839f684eb285bb592dc143e",
                "sha256:ecbc6dfff6db06b8b72ae8a2f25ff20fbdcb83cb543811a08f7cb555042aa729"
            ],
            "index": "pypi",
            "version": "==2.7.5"
        },
        "pyhamcrest": {
            "hashes": [
                "sha256:6b672c02fdf7470df9674ab82263841ce8333fb143f32f021f6cb26f0e512420",
                "sha256:7a4bdade0ed98c699d728191a058a60a44d2f9c213c51e2dd1e6fb42f2c6128a",
                "sha256:8ffaa0a53da57e89de14ced7185ac746227a8894dbd5a3c718bf05ddbd1d56cd",
                "sha256:bac0bea7358666ce52e3c6c85139632ed89f115e9af52d44b3c36e0bf8cf16a9",
                "sha256:f30e9a310bcc1808de817a92e95169ffd16b60cbc5a016a49c8d0e8ababfae79"
            ],
            "version": "==1.9.0"
        },
        "pytz": {
            "hashes": [
                "sha256:a061aa0a9e06881eb8b3b2b43f05b9439d6583c206d0a6c340ff72a7b6669053",
                "sha256:ffb9ef1de172603304d9d2819af6f5ece76f2e85ec10692a524dd876e72bf277"
            ],
            "version": "==2018.5"
        },
        "raven": {
            "hashes": [
                "sha256:3fd787d19ebb49919268f06f19310e8112d619ef364f7989246fc8753d469888",
                "sha256:95f44f3ea2c1b176d5450df4becdb96c15bf2632888f9ab193e9dd22300ce46a"
            ],
            "index": "pypi",
            "version": "==6.9.0"
        },
        "redis": {
            "hashes": [
                "sha256:8a1900a9f2a0a44ecf6e8b5eb3e967a9909dfed219ad66df094f27f7d6f330fb",
                "sha256:a22ca993cea2962dbb588f9f30d0015ac4afcc45bee27d3978c0dbe9e97c6c0f"
            ],
            "version": "==2.10.6"
        },
        "requests": {
            "hashes": [
                "sha256:63b52e3c866428a224f97cab011de738c36aec0185aa91cfacd418b5d58911d1",
                "sha256:ec22d826a36ed72a7358ff3fe56cbd4ba69dd7a6718ffd450ff0e9df7a47ce6a"
            ],
            "markers": "python_version >= '3.0'",
            "version": "==2.19.1"
        },
        "six": {
            "hashes": [
                "sha256:70e8a77beed4562e7f14fe23a786b54f6296e34344c23bc42f07b15018ff98e9",
                "sha256:832dc0e10feb1aa2c68dcc57dbb658f1c7e65b9b61af69048abc87a2db00a0eb"
            ],
            "version": "==1.11.0"
        },
        "stripe": {
            "hashes": [
                "sha256:2b3087db7a7468b169ecfe366fed9698ea3d925fc35e2d2dc1fa11a42f1110eb",
                "sha256:5b27d0a249db608071a374dffbb6acffc2e126147c33397e69d0862c5798ad4b"
            ],
            "index": "pypi",
            "version": "==2.3.0"
        },
        "twisted": {
            "hashes": [
                "sha256:5de7b79b26aee64efe63319bb8f037af88c21287d1502b39706c818065b3d5a4",
                "sha256:95ae985716e8107816d8d0df249d558dbaabb677987cc2ace45272c166b267e4"
            ],
            "version": "==18.7.0"
        },
        "txaio": {
            "hashes": [
                "sha256:14bdd7b26c12bf1b213e4f85bf7e4d5a2e920692313f2fb19f0f9ab5b143026f",
                "sha256:701de939e90bb80f7e085357081552437526752199def5541dddfc34c0b0593f"
            ],
            "version": "==18.7.1"
        },
        "urllib3": {
            "hashes": [
                "sha256:a68ac5e15e76e7e5dd2b8f94007233e01effe3e50e8daddf69acfd81cb686baf",
                "sha256:b5725a0bd4ba422ab0e66e89e030c806576753ea3ee08554382c14e685d117b5"
            ],
            "version": "==1.23"
        },
        "uwsgi": {
            "hashes": [
                "sha256:d2318235c74665a60021a4fc7770e9c2756f9fc07de7b8c22805efe85b5ab277"
            ],
            "index": "pypi",
            "version": "==2.0.17.1"
        },
        "zope.interface": {
            "hashes": [
                "sha256:21506674d30c009271fe68a242d330c83b1b9d76d62d03d87e1e9528c61beea6",
                "sha256:3d184aff0756c44fff7de69eb4cd5b5311b6f452d4de28cb08343b3f21993763",
                "sha256:467d364b24cb398f76ad5e90398d71b9325eb4232be9e8a50d6a3b3c7a1c8789",
                "sha256:57c38470d9f57e37afb460c399eb254e7193ac7fb8042bd09bdc001981a9c74c",
                "sha256:9ada83f4384bbb12dedc152bcdd46a3ac9f5f7720d43ac3ce3e8e8b91d733c10",
                "sha256:a1daf9c5120f3cc6f2b5fef8e1d2a3fb7bbbb20ed4bfdc25bc8364bc62dcf54b",
                "sha256:e6b77ae84f2b8502d99a7855fa33334a1eb6159de45626905cb3e454c023f339",
                "sha256:e881ef610ff48aece2f4ee2af03d2db1a146dc7c705561bd6089b2356f61641f",
                "sha256:f41037260deaacb875db250021fe883bf536bf6414a4fd25b25059b02e31b120"
            ],
            "version": "==4.5.0"
        }
    },
    "develop": {
        "autopep8": {
            "hashes": [
                "sha256:2284d4ae2052fedb9f466c09728e30d2e231cfded5ffd7b1a20c34123fdc4ba4"
            ],
            "index": "pypi",
            "version": "==1.3.5"
        },
        "backcall": {
            "hashes": [
                "sha256:38ecd85be2c1e78f77fd91700c76e14667dc21e2713b63876c0eb901196e01e4",
                "sha256:bbbf4b1e5cd2bdb08f915895b51081c041bac22394fdfcfdfbe9f14b77c08bf2"
            ],
            "version": "==0.1.0"
        },
        "decorator": {
            "hashes": [
                "sha256:2c51dff8ef3c447388fe5e4453d24a2bf128d3a4c32af3fabef1f01c6851ab82",
                "sha256:c39efa13fbdeb4506c476c9b3babf6a718da943dab7811c206005a4a956c080c"
            ],
            "version": "==4.3.0"
        },
        "ipython": {
            "hashes": [
                "sha256:007dcd929c14631f83daff35df0147ea51d1af420da303fd078343878bd5fb62",
                "sha256:b0f2ef9eada4a68ef63ee10b6dde4f35c840035c50fd24265f8052c98947d5a4"
            ],
            "index": "pypi",
            "version": "==6.5.0"
        },
        "ipython-genutils": {
            "hashes": [
                "sha256:72dd37233799e619666c9f639a9da83c34013a73e8bbc79a7a6348d93c61fab8",
                "sha256:eb2e116e75ecef9d4d228fdc66af54269afa26ab4463042e33785b887c628ba8"
            ],
            "version": "==0.2.0"
        },
        "jedi": {
            "hashes": [
                "sha256:b409ed0f6913a701ed474a614a3bb46e6953639033e31f769ca7581da5bd1ec1",
                "sha256:c254b135fb39ad76e78d4d8f92765ebc9bf92cbc76f49e97ade1d5f5121e1f6f"
            ],
            "version": "==0.12.1"
        },
        "parso": {
            "hashes": [
                "sha256:35704a43a3c113cce4de228ddb39aab374b8004f4f2407d070b6a2ca784ce8a2",
                "sha256:895c63e93b94ac1e1690f5fdd40b65f07c8171e3e53cbd7793b5b96c0e0a7f24"
            ],
            "version": "==0.3.1"
        },
        "pep8": {
            "hashes": [
                "sha256:b22cfae5db09833bb9bd7c8463b53e1a9c9b39f12e304a8d0bba729c501827ee",
                "sha256:fe249b52e20498e59e0b5c5256aa52ee99fc295b26ec9eaa85776ffdb9fe6374"
            ],
            "index": "pypi",
            "version": "==1.7.1"
        },
        "pexpect": {
            "hashes": [
                "sha256:2a8e88259839571d1251d278476f3eec5db26deb73a70be5ed5dc5435e418aba",
                "sha256:3fbd41d4caf27fa4a377bfd16fef87271099463e6fa73e92a52f92dfee5d425b"
            ],
            "markers": "sys_platform != 'win32'",
            "version": "==4.6.0"
        },
        "pickleshare": {
            "hashes": [
                "sha256:84a9257227dfdd6fe1b4be1319096c20eb85ff1e82c7932f36efccfe1b09737b",
                "sha256:c9a2541f25aeabc070f12f452e1f2a8eae2abd51e1cd19e8430402bdf4c1d8b5"
            ],
            "version": "==0.7.4"
        },
        "prompt-toolkit": {
            "hashes": [
                "sha256:1df952620eccb399c53ebb359cc7d9a8d3a9538cb34c5a1344bdbeb29fbcc381",
                "sha256:3f473ae040ddaa52b52f97f6b4a493cfa9f5920c255a12dc56a7d34397a398a4",
                "sha256:858588f1983ca497f1cf4ffde01d978a3ea02b01c8a26a8bbc5cd2e66d816917"
            ],
            "version": "==1.0.15"
        },
        "ptyprocess": {
            "hashes": [
                "sha256:923f299cc5ad920c68f2bc0bc98b75b9f838b93b599941a6b63ddbc2476394c0",
                "sha256:d7cc528d76e76342423ca640335bd3633420dc1366f258cb31d05e865ef5ca1f"
            ],
            "version": "==0.6.0"
        },
        "pycodestyle": {
            "hashes": [
                "sha256:74abc4e221d393ea5ce1f129ea6903209940c1ecd29e002e8c6933c2b21026e0",
                "sha256:cbc619d09254895b0d12c2c691e237b2e91e9b2ecf5e84c26b35400f93dcfb83",
                "sha256:cbfca99bd594a10f674d0cd97a3d802a1fdef635d4361e1a2658de47ed261e3a"
            ],
            "version": "==2.4.0"
        },
        "pygments": {
            "hashes": [
                "sha256:78f3f434bcc5d6ee09020f92ba487f95ba50f1e3ef83ae96b9d5ffa1bab25c5d",
                "sha256:dbae1046def0efb574852fab9e90209b23f556367b5a320c0bcb871c77c3e8cc"
            ],
            "version": "==2.2.0"
        },
        "simplegeneric": {
            "hashes": [
                "sha256:dc972e06094b9af5b855b3df4a646395e43d1c9d0d39ed345b7393560d0b9173"
            ],
            "version": "==0.8.1"
        },
        "six": {
            "hashes": [
                "sha256:70e8a77beed4562e7f14fe23a786b54f6296e34344c23bc42f07b15018ff98e9",
                "sha256:832dc0e10feb1aa2c68dcc57dbb658f1c7e65b9b61af69048abc87a2db00a0eb"
            ],
            "version": "==1.11.0"
        },
        "traitlets": {
            "hashes": [
                "sha256:9c4bd2d267b7153df9152698efb1050a5d84982d3384a37b2c1f7723ba3e7835",
                "sha256:c6cb5e6f57c5a9bdaa40fa71ce7b4af30298fbab9ece9815b5d995ab6217c7d9"
            ],
            "version": "==4.3.2"
        },
        "wcwidth": {
            "hashes": [
                "sha256:3df37372226d6e63e1b1e1eda15c594bca98a22d33a23832a90998faa96bc65e",
                "sha256:f4ebe71925af7b40a864553f761ed559b43544f8f71746c2d756c7fe788ade7c"
            ],
            "version": "==0.1.7"
        }
    }
}
